
Microsoft Visual Studio Solution File, Format Version 12.00
# Visual Studio Version 17
VisualStudioVersion = 17.9.34728.123
MinimumVisualStudioVersion = 10.0.40219.1
Project("{00D1A9C2-B5F0-4AF3-8072-F6C62B433612}") = "HotelAppDB", "HotelAppDB\HotelAppDB.sqlproj", "{9BD2F902-AB55-4709-AE83-F5EA07CB122F}"
EndProject
Project("{9A19103F-16F7-4668-BE54-9A1E7A4F7556}") = "HotelAppLibrary", "HotelAppLibrary\HotelAppLibrary.csproj", "{303ED40C-4999-4836-909D-20F143E378A6}"
EndProject
Project("{FAE04EC0-301F-11D3-BF4B-00C04F79EFBC}") = "HotelApp.Web", "HotelApp.Web\HotelApp.Web.csproj", "{BF17E1EF-F051-4213-8964-DA9741B30067}"
EndProject
Global
	GlobalSection(SolutionConfigurationPlatforms) = preSolution
		Debug|Any CPU = Debug|Any CPU
		Release|Any CPU = Release|Any CPU
	EndGlobalSection
	GlobalSection(ProjectConfigurationPlatforms) = postSolution
		{9BD2F902-AB55-4709-AE83-F5EA07CB122F}.Debug|Any CPU.ActiveCfg = Debug|Any CPU
		{9BD2F902-AB55-4709-AE83-F5EA07CB122F}.Debug|Any CPU.Build.0 = Debug|Any CPU
		{9BD2F902-AB55-4709-AE83-F5EA07CB122F}.Debug|Any CPU.Deploy.0 = Debug|Any CPU
		{9BD2F902-AB55-4709-AE83-F5EA07CB122F}.Release|Any CPU.ActiveCfg = Release|Any CPU
		{9BD2F902-AB55-4709-AE83-F5EA07CB122F}.Release|Any CPU.Build.0 = Release|Any CPU
		{9BD2F902-AB55-4709-AE83-F5EA07CB122F}.Release|Any CPU.Deploy.0 = Release|Any CPU
		{303ED40C-4999-4836-909D-20F143E378A6}.Debug|Any CPU.ActiveCfg = Debug|Any CPU
		{303ED40C-4999-4836-909D-20F143E378A6}.Debug|Any CPU.Build.0 = Debug|Any CPU
		{303ED40C-4999-4836-909D-20F143E378A6}.Release|Any CPU.ActiveCfg = Release|Any CPU
		{303ED40C-4999-4836-909D-20F143E378A6}.Release|Any CPU.Build.0 = Release|Any CPU
		{BF17E1EF-F051-4213-8964-DA9741B30067}.Debug|Any CPU.ActiveCfg = Debug|Any CPU
		{BF17E1EF-F051-4213-8964-DA9741B30067}.Debug|Any CPU.Build.0 = Debug|Any CPU
		{BF17E1EF-F051-4213-8964-DA9741B30067}.Release|Any CPU.ActiveCfg = Release|Any CPU
		{BF17E1EF-F051-4213-8964-DA9741B30067}.Release|Any CPU.Build.0 = Release|Any CPU
	EndGlobalSection
	GlobalSection(SolutionProperties) = preSolution
		HideSolutionNode = FALSE
	EndGlobalSection
	GlobalSection(ExtensibilityGlobals) = postSolution
		SolutionGuid = {2DB347D3-D358-4041-B053-178526EEE273}
	EndGlobalSection
EndGlobal
